
Microsoft Visual Studio Solution File, Format Version 12.00
# Visual Studio 14
VisualStudioVersion = 14.0.25123.0
MinimumVisualStudioVersion = 10.0.40219.1
Project("{FAE04EC0-301F-11D3-BF4B-00C04F79EFBC}") = "501119-5", "501119-5\501119-5.csproj", "{26D10E65-E9FF-40A5-AD26-D90670F69F1B}"
EndProject
Global
	GlobalSection(SolutionConfigurationPlatforms) = preSolution
		Debug|Any CPU = Debug|Any CPU
		Release|Any CPU = Release|Any CPU
	EndGlobalSection
	GlobalSection(ProjectConfigurationPlatforms) = postSolution
		{26D10E65-E9FF-40A5-AD26-D90670F69F1B}.Debug|Any CPU.ActiveCfg = Debug|Any CPU
		{26D10E65-E9FF-40A5-AD26-D90670F69F1B}.Debug|Any CPU.Build.0 = Debug|Any CPU
		{26D10E65-E9FF-40A5-AD26-D90670F69F1B}.Release|Any CPU.ActiveCfg = Release|Any CPU
		{26D10E65-E9FF-40A5-AD26-D90670F69F1B}.Release|Any CPU.Build.0 = Release|Any CPU
	EndGlobalSection
	GlobalSection(SolutionProperties) = preSolution
		HideSolutionNode = FALSE
	EndGlobalSection
EndGlobal
